<?xml version="1.0" encoding="utf-8"?>
<Project ToolsVersion="4.0" xmlns="http://schemas.microsoft.com/developer/msbuild/2003">
  <ItemGroup>
    <Filter Include="Source Files">
      <UniqueIdentifier>{4FC737F1-C7A5-4376-A066-2A32D752A2FF}</UniqueIdentifier>
      <Extensions>cpp;c;cc;cxx;def;odl;idl;hpj;bat;asm;asmx</Extensions>
    </Filter>
    <Filter Include="Header Files">
      <UniqueIdentifier>{93995380-89BD-4b04-88EB-625FBE52EBFB}</UniqueIdentifier>
      <Extensions>h;hpp;hxx;hm;inl;inc;xsd</Extensions>
    </Filter>
    <Filter Include="Resource Files">
      <UniqueIdentifier>{67DA6AB6-F800-4c08-8B7A-83BB121AAD01}</UniqueIdentifier>
      <Extensions>rc;ico;cur;bmp;dlg;rc2;rct;bin;rgs;gif;jpg;jpeg;jpe;resx;tiff;tif;png;wav;mfcribbon-ms</Extensions>
    </Filter>
    <Filter Include="HttpProtocol">
      <UniqueIdentifier>{879837c1-3934-4761-a2b2-f4d4c7f21421}</UniqueIdentifier>
    </Filter>
    <Filter Include="Log">
      <UniqueIdentifier>{e16271d7-46b0-4ca9-87a8-3e153a5fbcbe}</UniqueIdentifier>
    </Filter>
  </ItemGroup>
  <ItemGroup>
    <None Include="ReadMe.txt" />
  </ItemGroup>
  <ItemGroup>
    <ClInclude Include="stdafx.h">
      <Filter>Header Files</Filter>
    </ClInclude>
    <ClInclude Include="targetver.h">
      <Filter>Header Files</Filter>
    </ClInclude>
    <ClInclude Include="server.h">
      <Filter>Header Files</Filter>
    </ClInclude>
    <ClInclude Include="socks5.h">
      <Filter>Header Files</Filter>
    </ClInclude>
    <ClInclude Include="socks4.h">
      <Filter>Header Files</Filter>
    </ClInclude>
    <ClInclude Include="Connection.h">
      <Filter>Header Files</Filter>
    </ClInclude>
    <ClInclude Include="SocksConnection.h">
      <Filter>Header Files</Filter>
    </ClInclude>
    <ClInclude Include="HttpConnection.h">
      <Filter>Header Files</Filter>
    </ClInclude>
    <ClInclude Include="SocksBindingServer.h">
      <Filter>Header Files</Filter>
    </ClInclude>
    <ClInclude Include="stringUtil.h">
      <Filter>Header Files</Filter>
    </ClInclude>
    <ClInclude Include="HttpProtocol\message.h">
      <Filter>HttpProtocol</Filter>
    </ClInclude>
    <ClInclude Include="HttpProtocol\RequestParser.h">
      <Filter>HttpProtocol</Filter>
    </ClInclude>
    <ClInclude Include="HttpProtocol\HttpUtil.h">
      <Filter>HttpProtocol</Filter>
    </ClInclude>
    <ClInclude Include="HttpProtocol\Logger.h">
      <Filter>Log</Filter>
    </ClInclude>
    <ClInclude Include="Log\Log.h">
      <Filter>Log</Filter>
    </ClInclude>
    <ClInclude Include="HttpProtocol\ResponseParser.h">
      <Filter>HttpProtocol</Filter>
    </ClInclude>
  </ItemGroup>
  <ItemGroup>
    <ClCompile Include="stdafx.cpp">
      <Filter>Source Files</Filter>
    </ClCompile>
    <ClCompile Include="BoostSocks5Server.cpp">
      <Filter>Source Files</Filter>
    </ClCompile>
    <ClCompile Include="server.cpp">
      <Filter>Source Files</Filter>
    </ClCompile>
    <ClCompile Include="Connection.cpp">
      <Filter>Source Files</Filter>
    </ClCompile>
    <ClCompile Include="SocksConnection.cpp">
      <Filter>Source Files</Filter>
    </ClCompile>
    <ClCompile Include="HttpConnection.cpp">
      <Filter>Source Files</Filter>
    </ClCompile>
    <ClCompile Include="SocksBindingServer.cpp">
      <Filter>Source Files</Filter>
    </ClCompile>
  </ItemGroup>
</Project>